
Microsoft Visual Studio Solution File, Format Version 12.00
# Visual Studio 2012
Project("{FAE04EC0-301F-11D3-BF4B-00C04F79EFBC}") = "01. Initializes20ElementsInArray", "Initializes20ElementsInArray\01. Initializes20ElementsInArray.csproj", "{04301D18-19FE-479F-9CE3-BAC7586831AB}"
EndProject
Project("{FAE04EC0-301F-11D3-BF4B-00C04F79EFBC}") = "02. ComparesTwoArrays", "ComparesTwoArrays\02. ComparesTwoArrays.csproj", "{FF47581A-13A7-4FB9-AF08-8D941EF77328}"
EndProject
Project("{FAE04EC0-301F-11D3-BF4B-00C04F79EFBC}") = "03. LexicographicallyCompare", "LexicographicallyCompare\03. LexicographicallyCompare.csproj", "{E08F682C-A68D-4B61-BF1B-A7D80FA1E0FB}"
EndProject
Project("{FAE04EC0-301F-11D3-BF4B-00C04F79EFBC}") = "04. MaximalSequenceOfEqualElements", "MaximalSequenceOfEqualElements\04. MaximalSequenceOfEqualElements.csproj", "{575E7F6C-97DD-46C5-BA97-568209972E61}"
EndProject
Project("{FAE04EC0-301F-11D3-BF4B-00C04F79EFBC}") = "05. MaximalIncresingSequence", "MaximalIncresingSequence\05. MaximalIncresingSequence.csproj", "{1F54D4F0-DA56-4C56-9D75-2706106E4C00}"
EndProject
Project("{FAE04EC0-301F-11D3-BF4B-00C04F79EFBC}") = "06. FindTheMaxKSumInArr", "FindTheMaxKSumInArr\06. FindTheMaxKSumInArr.csproj", "{B06DDB98-0DB0-4D6B-B9FF-BBDFA3BE2CC8}"
EndProject
Project("{FAE04EC0-301F-11D3-BF4B-00C04F79EFBC}") = "07. SelectionSortArray", "SelectionSortArray\07. SelectionSortArray.csproj", "{F8A8B11C-CED0-4EE6-9A35-E8532F269E4B}"
EndProject
Project("{FAE04EC0-301F-11D3-BF4B-00C04F79EFBC}") = "08. FindMaxSumInArr", "FindMaxSumInArr\08. FindMaxSumInArr.csproj", "{D3361D99-4012-4BA4-A889-BEAF831A846F}"
EndProject
Project("{FAE04EC0-301F-11D3-BF4B-00C04F79EFBC}") = "09. MostFrequentNumInArr", "MostFrequentNumInArr\09. MostFrequentNumInArr.csproj", "{D328FFC2-8452-4ABD-9D55-223D601D95E9}"
EndProject
Project("{FAE04EC0-301F-11D3-BF4B-00C04F79EFBC}") = "10. FindSumInArr", "FindSumInArr\10. FindSumInArr.csproj", "{A7B93FDD-1CFD-4715-AD55-EDC9D99160FC}"
EndProject
Project("{FAE04EC0-301F-11D3-BF4B-00C04F79EFBC}") = "11. BinarySearch", "BinnarySearch\11. BinarySearch.csproj", "{A06D3EB7-9B4F-4C7A-93E8-FB6CDD433DB8}"
EndProject
Project("{FAE04EC0-301F-11D3-BF4B-00C04F79EFBC}") = "12. PrintIndexOfEachLetter", "PrintIndexOfEachLetter\12. PrintIndexOfEachLetter.csproj", "{E10B8A43-6262-4325-AE0C-78DE6444254C}"
EndProject
Project("{FAE04EC0-301F-11D3-BF4B-00C04F79EFBC}") = "14. QuickSortAlg", "QuickSortAlg\14. QuickSortAlg.csproj", "{5E54D544-02CF-4569-B6E2-EDF38DFB2D19}"
EndProject
Project("{FAE04EC0-301F-11D3-BF4B-00C04F79EFBC}") = "15. SieveOfEratosthenes", "SieveOfEratosthenes\15. SieveOfEratosthenes.csproj", "{09FD0DD0-8A3B-4AFA-B09B-CCB3E4B05938}"
EndProject
Project("{FAE04EC0-301F-11D3-BF4B-00C04F79EFBC}") = "20. GenerateVariationNK", "GenerateVariationNK\20. GenerateVariationNK.csproj", "{1B5FDBA8-F28C-4183-A992-6F1255FE805E}"
EndProject
Project("{FAE04EC0-301F-11D3-BF4B-00C04F79EFBC}") = "21. CombinationNandK", "CombinationNandK\21. CombinationNandK.csproj", "{E2E8458F-9D57-493F-B2A0-A03F319D9BE7}"
EndProject
Global
	GlobalSection(SolutionConfigurationPlatforms) = preSolution
		Debug|Any CPU = Debug|Any CPU
		Release|Any CPU = Release|Any CPU
	EndGlobalSection
	GlobalSection(ProjectConfigurationPlatforms) = postSolution
		{04301D18-19FE-479F-9CE3-BAC7586831AB}.Debug|Any CPU.ActiveCfg = Debug|Any CPU
		{04301D18-19FE-479F-9CE3-BAC7586831AB}.Debug|Any CPU.Build.0 = Debug|Any CPU
		{04301D18-19FE-479F-9CE3-BAC7586831AB}.Release|Any CPU.ActiveCfg = Release|Any CPU
		{04301D18-19FE-479F-9CE3-BAC7586831AB}.Release|Any CPU.Build.0 = Release|Any CPU
		{FF47581A-13A7-4FB9-AF08-8D941EF77328}.Debug|Any CPU.ActiveCfg = Debug|Any CPU
		{FF47581A-13A7-4FB9-AF08-8D941EF77328}.Debug|Any CPU.Build.0 = Debug|Any CPU
		{FF47581A-13A7-4FB9-AF08-8D941EF77328}.Release|Any CPU.ActiveCfg = Release|Any CPU
		{FF47581A-13A7-4FB9-AF08-8D941EF77328}.Release|Any CPU.Build.0 = Release|Any CPU
		{E08F682C-A68D-4B61-BF1B-A7D80FA1E0FB}.Debug|Any CPU.ActiveCfg = Debug|Any CPU
		{E08F682C-A68D-4B61-BF1B-A7D80FA1E0FB}.Debug|Any CPU.Build.0 = Debug|Any CPU
		{E08F682C-A68D-4B61-BF1B-A7D80FA1E0FB}.Release|Any CPU.ActiveCfg = Release|Any CPU
		{E08F682C-A68D-4B61-BF1B-A7D80FA1E0FB}.Release|Any CPU.Build.0 = Release|Any CPU
		{575E7F6C-97DD-46C5-BA97-568209972E61}.Debug|Any CPU.ActiveCfg = Debug|Any CPU
		{575E7F6C-97DD-46C5-BA97-568209972E61}.Debug|Any CPU.Build.0 = Debug|Any CPU
		{575E7F6C-97DD-46C5-BA97-568209972E61}.Release|Any CPU.ActiveCfg = Release|Any CPU
		{575E7F6C-97DD-46C5-BA97-568209972E61}.Release|Any CPU.Build.0 = Release|Any CPU
		{1F54D4F0-DA56-4C56-9D75-2706106E4C00}.Debug|Any CPU.ActiveCfg = Debug|Any CPU
		{1F54D4F0-DA56-4C56-9D75-2706106E4C00}.Debug|Any CPU.Build.0 = Debug|Any CPU
		{1F54D4F0-DA56-4C56-9D75-2706106E4C00}.Release|Any CPU.ActiveCfg = Release|Any CPU
		{1F54D4F0-DA56-4C56-9D75-2706106E4C00}.Release|Any CPU.Build.0 = Release|Any CPU
		{B06DDB98-0DB0-4D6B-B9FF-BBDFA3BE2CC8}.Debug|Any CPU.ActiveCfg = Debug|Any CPU
		{B06DDB98-0DB0-4D6B-B9FF-BBDFA3BE2CC8}.Debug|Any CPU.Build.0 = Debug|Any CPU
		{B06DDB98-0DB0-4D6B-B9FF-BBDFA3BE2CC8}.Release|Any CPU.ActiveCfg = Release|Any CPU
		{B06DDB98-0DB0-4D6B-B9FF-BBDFA3BE2CC8}.Release|Any CPU.Build.0 = Release|Any CPU
		{F8A8B11C-CED0-4EE6-9A35-E8532F269E4B}.Debug|Any CPU.ActiveCfg = Debug|Any CPU
		{F8A8B11C-CED0-4EE6-9A35-E8532F269E4B}.Debug|Any CPU.Build.0 = Debug|Any CPU
		{F8A8B11C-CED0-4EE6-9A35-E8532F269E4B}.Release|Any CPU.ActiveCfg = Release|Any CPU
		{F8A8B11C-CED0-4EE6-9A35-E8532F269E4B}.Release|Any CPU.Build.0 = Release|Any CPU
		{D3361D99-4012-4BA4-A889-BEAF831A846F}.Debug|Any CPU.ActiveCfg = Debug|Any CPU
		{D3361D99-4012-4BA4-A889-BEAF831A846F}.Debug|Any CPU.Build.0 = Debug|Any CPU
		{D3361D99-4012-4BA4-A889-BEAF831A846F}.Release|Any CPU.ActiveCfg = Release|Any CPU
		{D3361D99-4012-4BA4-A889-BEAF831A846F}.Release|Any CPU.Build.0 = Release|Any CPU
		{D328FFC2-8452-4ABD-9D55-223D601D95E9}.Debug|Any CPU.ActiveCfg = Debug|Any CPU
		{D328FFC2-8452-4ABD-9D55-223D601D95E9}.Debug|Any CPU.Build.0 = Debug|Any CPU
		{D328FFC2-8452-4ABD-9D55-223D601D95E9}.Release|Any CPU.ActiveCfg = Release|Any CPU
		{D328FFC2-8452-4ABD-9D55-223D601D95E9}.Release|Any CPU.Build.0 = Release|Any CPU
		{A7B93FDD-1CFD-4715-AD55-EDC9D99160FC}.Debug|Any CPU.ActiveCfg = Debug|Any CPU
		{A7B93FDD-1CFD-4715-AD55-EDC9D99160FC}.Debug|Any CPU.Build.0 = Debug|Any CPU
		{A7B93FDD-1CFD-4715-AD55-EDC9D99160FC}.Release|Any CPU.ActiveCfg = Release|Any CPU
		{A7B93FDD-1CFD-4715-AD55-EDC9D99160FC}.Release|Any CPU.Build.0 = Release|Any CPU
		{A06D3EB7-9B4F-4C7A-93E8-FB6CDD433DB8}.Debug|Any CPU.ActiveCfg = Debug|Any CPU
		{A06D3EB7-9B4F-4C7A-93E8-FB6CDD433DB8}.Debug|Any CPU.Build.0 = Debug|Any CPU
		{A06D3EB7-9B4F-4C7A-93E8-FB6CDD433DB8}.Release|Any CPU.ActiveCfg = Release|Any CPU
		{A06D3EB7-9B4F-4C7A-93E8-FB6CDD433DB8}.Release|Any CPU.Build.0 = Release|Any CPU
		{E10B8A43-6262-4325-AE0C-78DE6444254C}.Debug|Any CPU.ActiveCfg = Debug|Any CPU
		{E10B8A43-6262-4325-AE0C-78DE6444254C}.Debug|Any CPU.Build.0 = Debug|Any CPU
		{E10B8A43-6262-4325-AE0C-78DE6444254C}.Release|Any CPU.ActiveCfg = Release|Any CPU
		{E10B8A43-6262-4325-AE0C-78DE6444254C}.Release|Any CPU.Build.0 = Release|Any CPU
		{5E54D544-02CF-4569-B6E2-EDF38DFB2D19}.Debug|Any CPU.ActiveCfg = Debug|Any CPU
		{5E54D544-02CF-4569-B6E2-EDF38DFB2D19}.Debug|Any CPU.Build.0 = Debug|Any CPU
		{5E54D544-02CF-4569-B6E2-EDF38DFB2D19}.Release|Any CPU.ActiveCfg = Release|Any CPU
		{5E54D544-02CF-4569-B6E2-EDF38DFB2D19}.Release|Any CPU.Build.0 = Release|Any CPU
		{09FD0DD0-8A3B-4AFA-B09B-CCB3E4B05938}.Debug|Any CPU.ActiveCfg = Debug|Any CPU
		{09FD0DD0-8A3B-4AFA-B09B-CCB3E4B05938}.Debug|Any CPU.Build.0 = Debug|Any CPU
		{09FD0DD0-8A3B-4AFA-B09B-CCB3E4B05938}.Release|Any CPU.ActiveCfg = Release|Any CPU
		{09FD0DD0-8A3B-4AFA-B09B-CCB3E4B05938}.Release|Any CPU.Build.0 = Release|Any CPU
		{1B5FDBA8-F28C-4183-A992-6F1255FE805E}.Debug|Any CPU.ActiveCfg = Debug|Any CPU
		{1B5FDBA8-F28C-4183-A992-6F1255FE805E}.Debug|Any CPU.Build.0 = Debug|Any CPU
		{1B5FDBA8-F28C-4183-A992-6F1255FE805E}.Release|Any CPU.ActiveCfg = Release|Any CPU
		{1B5FDBA8-F28C-4183-A992-6F1255FE805E}.Release|Any CPU.Build.0 = Release|Any CPU
		{E2E8458F-9D57-493F-B2A0-A03F319D9BE7}.Debug|Any CPU.ActiveCfg = Debug|Any CPU
		{E2E8458F-9D57-493F-B2A0-A03F319D9BE7}.Debug|Any CPU.Build.0 = Debug|Any CPU
		{E2E8458F-9D57-493F-B2A0-A03F319D9BE7}.Release|Any CPU.ActiveCfg = Release|Any CPU
		{E2E8458F-9D57-493F-B2A0-A03F319D9BE7}.Release|Any CPU.Build.0 = Release|Any CPU
	EndGlobalSection
	GlobalSection(SolutionProperties) = preSolution
		HideSolutionNode = FALSE
	EndGlobalSection
EndGlobal
