
Microsoft Visual Studio Solution File, Format Version 12.00
# Visual Studio 2013
VisualStudioVersion = 12.0.30110.0
MinimumVisualStudioVersion = 10.0.40219.1
Project("{FAE04EC0-301F-11D3-BF4B-00C04F79EFBC}") = "01. Refactoring", "Refactoring\01. Refactoring.csproj", "{1422BCF1-185D-4940-8091-754532DECE4D}"
EndProject
Project("{FAE04EC0-301F-11D3-BF4B-00C04F79EFBC}") = "02. WelcomeToOurSite", "WelcomeToOurSite\02. WelcomeToOurSite.csproj", "{60646F81-1C9B-43EC-8487-08BB63706245}"
EndProject
Project("{FAE04EC0-301F-11D3-BF4B-00C04F79EFBC}") = "03. LinkedInTask", "LinkedInTask\03. LinkedInTask.csproj", "{D47F14EC-E34D-4D36-A8C5-1C134216A1A8}"
EndProject
Global
	GlobalSection(SolutionConfigurationPlatforms) = preSolution
		Debug|Any CPU = Debug|Any CPU
		Release|Any CPU = Release|Any CPU
	EndGlobalSection
	GlobalSection(ProjectConfigurationPlatforms) = postSolution
		{1422BCF1-185D-4940-8091-754532DECE4D}.Debug|Any CPU.ActiveCfg = Debug|Any CPU
		{1422BCF1-185D-4940-8091-754532DECE4D}.Debug|Any CPU.Build.0 = Debug|Any CPU
		{1422BCF1-185D-4940-8091-754532DECE4D}.Release|Any CPU.ActiveCfg = Release|Any CPU
		{1422BCF1-185D-4940-8091-754532DECE4D}.Release|Any CPU.Build.0 = Release|Any CPU
		{60646F81-1C9B-43EC-8487-08BB63706245}.Debug|Any CPU.ActiveCfg = Debug|Any CPU
		{60646F81-1C9B-43EC-8487-08BB63706245}.Debug|Any CPU.Build.0 = Debug|Any CPU
		{60646F81-1C9B-43EC-8487-08BB63706245}.Release|Any CPU.ActiveCfg = Release|Any CPU
		{60646F81-1C9B-43EC-8487-08BB63706245}.Release|Any CPU.Build.0 = Release|Any CPU
		{D47F14EC-E34D-4D36-A8C5-1C134216A1A8}.Debug|Any CPU.ActiveCfg = Debug|Any CPU
		{D47F14EC-E34D-4D36-A8C5-1C134216A1A8}.Debug|Any CPU.Build.0 = Debug|Any CPU
		{D47F14EC-E34D-4D36-A8C5-1C134216A1A8}.Release|Any CPU.ActiveCfg = Release|Any CPU
		{D47F14EC-E34D-4D36-A8C5-1C134216A1A8}.Release|Any CPU.Build.0 = Release|Any CPU
	EndGlobalSection
	GlobalSection(SolutionProperties) = preSolution
		HideSolutionNode = FALSE
	EndGlobalSection
EndGlobal
