
Microsoft Visual Studio Solution File, Format Version 12.00
# Visual Studio 2012
Project("{FAE04EC0-301F-11D3-BF4B-00C04F79EFBC}") = "01. Print1ToN", "Print1ToN\01. Print1ToN.csproj", "{23091A96-F392-4251-9CE0-A9EC9ECCAE60}"
EndProject
Project("{FAE04EC0-301F-11D3-BF4B-00C04F79EFBC}") = "02. PrintNotDivisible", "PrintNotDivisible\02. PrintNotDivisible.csproj", "{CDA9949A-17AD-4B84-A846-F6E952521CC2}"
EndProject
Project("{FAE04EC0-301F-11D3-BF4B-00C04F79EFBC}") = "03. MinMax", "MinMax\03. MinMax.csproj", "{6D8CD74A-2AB3-4D0D-ADC9-650C01067E6E}"
EndProject
Project("{FAE04EC0-301F-11D3-BF4B-00C04F79EFBC}") = "04. FaktorielNandK", "FaktorielNandK\04. FaktorielNandK.csproj", "{63F7127C-3F6C-4A38-A5AB-A8DA8A3B307C}"
EndProject
Project("{FAE04EC0-301F-11D3-BF4B-00C04F79EFBC}") = "05. FaktorielNandKFormula", "FaktorielNandKFormula\05. FaktorielNandKFormula.csproj", "{A5F6CA56-B34A-4E4F-B374-49FEB7375F98}"
EndProject
Project("{FAE04EC0-301F-11D3-BF4B-00C04F79EFBC}") = "06. CalculateSumNX", "CalculateSumNX\06. CalculateSumNX.csproj", "{793BAA2C-76D9-49F8-9C4D-98E6AB66BC3C}"
EndProject
Project("{FAE04EC0-301F-11D3-BF4B-00C04F79EFBC}") = "07. FibonacciSequence", "FibonacciSequence\07. FibonacciSequence.csproj", "{DF504820-E3E2-4B61-985E-1B3CFCBAECDC}"
EndProject
Project("{FAE04EC0-301F-11D3-BF4B-00C04F79EFBC}") = "08. GreatestCommonDivisor", "GreatestCommonDivisor\08. GreatestCommonDivisor.csproj", "{E548AA8E-C613-4182-96A5-12CFDB0CAE8E}"
EndProject
Project("{FAE04EC0-301F-11D3-BF4B-00C04F79EFBC}") = "10. NthCatalanNumber", "NthCatalanNumber\10. NthCatalanNumber.csproj", "{2C7D6178-752C-4AEC-8670-EDA859B2E6CF}"
EndProject
Project("{FAE04EC0-301F-11D3-BF4B-00C04F79EFBC}") = "11. PrintCards", "PrintCards\11. PrintCards.csproj", "{6F0CE889-E4A0-4189-BB54-3548725E4DBD}"
EndProject
Project("{FAE04EC0-301F-11D3-BF4B-00C04F79EFBC}") = "12. PrintMatrix", "PrintMatrix\12. PrintMatrix.csproj", "{ACEABDB1-FA1E-4E5C-998E-F39DB791E0CB}"
EndProject
Project("{FAE04EC0-301F-11D3-BF4B-00C04F79EFBC}") = "13. TrailingZeros", "TrailingZeros\13. TrailingZeros.csproj", "{2D1AE764-46DF-433B-B27D-8DA0D91AC38C}"
EndProject
Project("{FAE04EC0-301F-11D3-BF4B-00C04F79EFBC}") = "14.PrintSpiralMatrix", "PrintSpiralMatrix\14.PrintSpiralMatrix.csproj", "{21D8DB64-BD43-4F92-AB0E-B8F6B3F14AEA}"
EndProject
Global
	GlobalSection(SolutionConfigurationPlatforms) = preSolution
		Debug|Any CPU = Debug|Any CPU
		Release|Any CPU = Release|Any CPU
	EndGlobalSection
	GlobalSection(ProjectConfigurationPlatforms) = postSolution
		{23091A96-F392-4251-9CE0-A9EC9ECCAE60}.Debug|Any CPU.ActiveCfg = Debug|Any CPU
		{23091A96-F392-4251-9CE0-A9EC9ECCAE60}.Debug|Any CPU.Build.0 = Debug|Any CPU
		{23091A96-F392-4251-9CE0-A9EC9ECCAE60}.Release|Any CPU.ActiveCfg = Release|Any CPU
		{23091A96-F392-4251-9CE0-A9EC9ECCAE60}.Release|Any CPU.Build.0 = Release|Any CPU
		{CDA9949A-17AD-4B84-A846-F6E952521CC2}.Debug|Any CPU.ActiveCfg = Debug|Any CPU
		{CDA9949A-17AD-4B84-A846-F6E952521CC2}.Debug|Any CPU.Build.0 = Debug|Any CPU
		{CDA9949A-17AD-4B84-A846-F6E952521CC2}.Release|Any CPU.ActiveCfg = Release|Any CPU
		{CDA9949A-17AD-4B84-A846-F6E952521CC2}.Release|Any CPU.Build.0 = Release|Any CPU
		{6D8CD74A-2AB3-4D0D-ADC9-650C01067E6E}.Debug|Any CPU.ActiveCfg = Debug|Any CPU
		{6D8CD74A-2AB3-4D0D-ADC9-650C01067E6E}.Debug|Any CPU.Build.0 = Debug|Any CPU
		{6D8CD74A-2AB3-4D0D-ADC9-650C01067E6E}.Release|Any CPU.ActiveCfg = Release|Any CPU
		{6D8CD74A-2AB3-4D0D-ADC9-650C01067E6E}.Release|Any CPU.Build.0 = Release|Any CPU
		{63F7127C-3F6C-4A38-A5AB-A8DA8A3B307C}.Debug|Any CPU.ActiveCfg = Debug|Any CPU
		{63F7127C-3F6C-4A38-A5AB-A8DA8A3B307C}.Debug|Any CPU.Build.0 = Debug|Any CPU
		{63F7127C-3F6C-4A38-A5AB-A8DA8A3B307C}.Release|Any CPU.ActiveCfg = Release|Any CPU
		{63F7127C-3F6C-4A38-A5AB-A8DA8A3B307C}.Release|Any CPU.Build.0 = Release|Any CPU
		{A5F6CA56-B34A-4E4F-B374-49FEB7375F98}.Debug|Any CPU.ActiveCfg = Debug|Any CPU
		{A5F6CA56-B34A-4E4F-B374-49FEB7375F98}.Debug|Any CPU.Build.0 = Debug|Any CPU
		{A5F6CA56-B34A-4E4F-B374-49FEB7375F98}.Release|Any CPU.ActiveCfg = Release|Any CPU
		{A5F6CA56-B34A-4E4F-B374-49FEB7375F98}.Release|Any CPU.Build.0 = Release|Any CPU
		{793BAA2C-76D9-49F8-9C4D-98E6AB66BC3C}.Debug|Any CPU.ActiveCfg = Debug|Any CPU
		{793BAA2C-76D9-49F8-9C4D-98E6AB66BC3C}.Debug|Any CPU.Build.0 = Debug|Any CPU
		{793BAA2C-76D9-49F8-9C4D-98E6AB66BC3C}.Release|Any CPU.ActiveCfg = Release|Any CPU
		{793BAA2C-76D9-49F8-9C4D-98E6AB66BC3C}.Release|Any CPU.Build.0 = Release|Any CPU
		{DF504820-E3E2-4B61-985E-1B3CFCBAECDC}.Debug|Any CPU.ActiveCfg = Debug|Any CPU
		{DF504820-E3E2-4B61-985E-1B3CFCBAECDC}.Debug|Any CPU.Build.0 = Debug|Any CPU
		{DF504820-E3E2-4B61-985E-1B3CFCBAECDC}.Release|Any CPU.ActiveCfg = Release|Any CPU
		{DF504820-E3E2-4B61-985E-1B3CFCBAECDC}.Release|Any CPU.Build.0 = Release|Any CPU
		{E548AA8E-C613-4182-96A5-12CFDB0CAE8E}.Debug|Any CPU.ActiveCfg = Debug|Any CPU
		{E548AA8E-C613-4182-96A5-12CFDB0CAE8E}.Debug|Any CPU.Build.0 = Debug|Any CPU
		{E548AA8E-C613-4182-96A5-12CFDB0CAE8E}.Release|Any CPU.ActiveCfg = Release|Any CPU
		{E548AA8E-C613-4182-96A5-12CFDB0CAE8E}.Release|Any CPU.Build.0 = Release|Any CPU
		{2C7D6178-752C-4AEC-8670-EDA859B2E6CF}.Debug|Any CPU.ActiveCfg = Debug|Any CPU
		{2C7D6178-752C-4AEC-8670-EDA859B2E6CF}.Debug|Any CPU.Build.0 = Debug|Any CPU
		{2C7D6178-752C-4AEC-8670-EDA859B2E6CF}.Release|Any CPU.ActiveCfg = Release|Any CPU
		{2C7D6178-752C-4AEC-8670-EDA859B2E6CF}.Release|Any CPU.Build.0 = Release|Any CPU
		{6F0CE889-E4A0-4189-BB54-3548725E4DBD}.Debug|Any CPU.ActiveCfg = Debug|Any CPU
		{6F0CE889-E4A0-4189-BB54-3548725E4DBD}.Debug|Any CPU.Build.0 = Debug|Any CPU
		{6F0CE889-E4A0-4189-BB54-3548725E4DBD}.Release|Any CPU.ActiveCfg = Release|Any CPU
		{6F0CE889-E4A0-4189-BB54-3548725E4DBD}.Release|Any CPU.Build.0 = Release|Any CPU
		{ACEABDB1-FA1E-4E5C-998E-F39DB791E0CB}.Debug|Any CPU.ActiveCfg = Debug|Any CPU
		{ACEABDB1-FA1E-4E5C-998E-F39DB791E0CB}.Debug|Any CPU.Build.0 = Debug|Any CPU
		{ACEABDB1-FA1E-4E5C-998E-F39DB791E0CB}.Release|Any CPU.ActiveCfg = Release|Any CPU
		{ACEABDB1-FA1E-4E5C-998E-F39DB791E0CB}.Release|Any CPU.Build.0 = Release|Any CPU
		{2D1AE764-46DF-433B-B27D-8DA0D91AC38C}.Debug|Any CPU.ActiveCfg = Debug|Any CPU
		{2D1AE764-46DF-433B-B27D-8DA0D91AC38C}.Debug|Any CPU.Build.0 = Debug|Any CPU
		{2D1AE764-46DF-433B-B27D-8DA0D91AC38C}.Release|Any CPU.ActiveCfg = Release|Any CPU
		{2D1AE764-46DF-433B-B27D-8DA0D91AC38C}.Release|Any CPU.Build.0 = Release|Any CPU
		{21D8DB64-BD43-4F92-AB0E-B8F6B3F14AEA}.Debug|Any CPU.ActiveCfg = Debug|Any CPU
		{21D8DB64-BD43-4F92-AB0E-B8F6B3F14AEA}.Debug|Any CPU.Build.0 = Debug|Any CPU
		{21D8DB64-BD43-4F92-AB0E-B8F6B3F14AEA}.Release|Any CPU.ActiveCfg = Release|Any CPU
		{21D8DB64-BD43-4F92-AB0E-B8F6B3F14AEA}.Release|Any CPU.Build.0 = Release|Any CPU
	EndGlobalSection
	GlobalSection(SolutionProperties) = preSolution
		HideSolutionNode = FALSE
	EndGlobalSection
EndGlobal
